
Microsoft Visual Studio Solution File, Format Version 12.00
# Visual Studio Version 16
VisualStudioVersion = 16.0.33328.57
MinimumVisualStudioVersion = 10.0.40219.1
Project("{8BC9CEB8-8B4A-11D0-8D11-00A0C91BC942}") = "Pong", "Pong\Pong.vcxproj", "{F5924C06-A441-414D-A8C4-7897F04AD1CD}"
EndProject
Global
	GlobalSection(SolutionConfigurationPlatforms) = preSolution
		Debug|x86 = Debug|x86
		Release|x86 = Release|x86
	EndGlobalSection
	GlobalSection(ProjectConfigurationPlatforms) = postSolution
		{F5924C06-A441-414D-A8C4-7897F04AD1CD}.Debug|x86.ActiveCfg = Debug|Win32
		{F5924C06-A441-414D-A8C4-7897F04AD1CD}.Debug|x86.Build.0 = Debug|Win32
		{F5924C06-A441-414D-A8C4-7897F04AD1CD}.Release|x86.ActiveCfg = Release|Win32
		{F5924C06-A441-414D-A8C4-7897F04AD1CD}.Release|x86.Build.0 = Release|Win32
	EndGlobalSection
	GlobalSection(SolutionProperties) = preSolution
		HideSolutionNode = FALSE
	EndGlobalSection
	GlobalSection(ExtensibilityGlobals) = postSolution
		SolutionGuid = {26A395D4-8DF4-4175-9605-5C7B8CE0599C}
	EndGlobalSection
EndGlobal
